{
  "name": "my-ui-demo",
  "version": "1.0.0",
  "lockfileVersion": 3,
  "requires": true,
  "packages": {
    "": {
      "name": "my-ui-demo",
      "version": "1.0.0",
      "license": "ISC",
      "dependencies": {
        "my-ui-library": "^0.0.6",
        "snabbdom": "^3.6.2"
      }
    },
    "node_modules/my-ui-library": {
      "version": "0.0.6",
      "resolved": "https://registry.npmjs.org/my-ui-library/-/my-ui-library-0.0.6.tgz",
      "integrity": "sha512-Taesy766mghQKjPuUcPkaYaiR0IDRMArMskdAOVRVwDFdJwsU30wreipuVy9hMz3P8qBVeJUsOb2rNC3uDT9ZA=="
    },
    "node_modules/snabbdom": {
      "version": "3.6.2",
      "resolved": "https://registry.npmjs.org/snabbdom/-/snabbdom-3.6.2.tgz",
      "integrity": "sha512-ig5qOnCDbugFntKi6c7Xlib8bA6xiJVk8O+WdFrV3wxbMqeHO0hXFQC4nAhPVWfZfi8255lcZkNhtIBINCc4+Q==",
      "engines": {
        "node": ">=12.17.0"
      }
    }
  }
}
